Microsoft Visual Studio Solution File, Format Version 12.00
# Visual Studio Version 17
VisualStudioVersion = 17.5.2.0
MinimumVisualStudioVersion = 10.0.40219.1
Project("{FAE04EC0-301F-11D3-BF4B-00C04F79EFBC}") = "GerenciadorEstoque", "GerenciadorEstoque.csproj", "{10CB827D-C4F0-993B-FB4D-2387B089EA15}"
EndProject
Global
	GlobalSection(SolutionConfigurationPlatforms) = preSolution
		Debug|Any CPU = Debug|Any CPU
		Release|Any CPU = Release|Any CPU
	EndGlobalSection
	GlobalSection(ProjectConfigurationPlatforms) = postSolution
		{10CB827D-C4F0-993B-FB4D-2387B089EA15}.Debug|Any CPU.ActiveCfg = Debug|Any CPU
		{10CB827D-C4F0-993B-FB4D-2387B089EA15}.Debug|Any CPU.Build.0 = Debug|Any CPU
		{10CB827D-C4F0-993B-FB4D-2387B089EA15}.Release|Any CPU.ActiveCfg = Release|Any CPU
		{10CB827D-C4F0-993B-FB4D-2387B089EA15}.Release|Any CPU.Build.0 = Release|Any CPU
	EndGlobalSection
	GlobalSection(SolutionProperties) = preSolution
		HideSolutionNode = FALSE
	EndGlobalSection
	GlobalSection(ExtensibilityGlobals) = postSolution
		SolutionGuid = {D2910188-DAC7-4AFD-ACE6-DEC4C9DAE9F2}
	EndGlobalSection
EndGlobal
